{
  "lockfileVersion": 1,
  "workspaces": {
    "": {
      "name": "trading-212-ynab-sync",
      "dependencies": {
        "@fast-csv/parse": "5.0.2",
        "@inquirer/prompts": "^7.5.3",
        "dotenv": "16.5.0",
        "ynab": "2.9.0",
        "zod": "3.25.48",
      },
      "devDependencies": {
        "@types/bun": "1.2.15",
        "prettier": "3.5.3",
      },
    },
  },
  "packages": {
    "@fast-csv/parse": ["@fast-csv/parse@5.0.2", "", { "dependencies": { "lodash.escaperegexp": "^4.1.2", "lodash.groupby": "^4.6.0", "lodash.isfunction": "^3.0.9", "lodash.isnil": "^4.0.0", "lodash.isundefined": "^3.0.1", "lodash.uniq": "^4.5.0" } }, "sha512-gMu1Btmm99TP+wc0tZnlH30E/F1Gw1Tah3oMDBHNPe9W8S68ixVHjt89Wg5lh7d9RuQMtwN+sGl5kxR891+fzw=="],

    "@inquirer/checkbox": ["@inquirer/checkbox@4.1.8", "", { "dependencies": { "@inquirer/core": "^10.1.13", "@inquirer/figures": "^1.0.12", "@inquirer/type": "^3.0.7", "ansi-escapes": "^4.3.2", "yoctocolors-cjs": "^2.1.2" }, "peerDependencies": { "@types/node": ">=18" }, "optionalPeers": ["@types/node"] }, "sha512-d/QAsnwuHX2OPolxvYcgSj7A9DO9H6gVOy2DvBTx+P2LH2iRTo/RSGV3iwCzW024nP9hw98KIuDmdyhZQj1UQg=="],

    "@inquirer/confirm": ["@inquirer/confirm@5.1.12", "", { "dependencies": { "@inquirer/core": "^10.1.13", "@inquirer/type": "^3.0.7" }, "peerDependencies": { "@types/node": ">=18" }, "optionalPeers": ["@types/node"] }, "sha512-dpq+ielV9/bqgXRUbNH//KsY6WEw9DrGPmipkpmgC1Y46cwuBTNx7PXFWTjc3MQ+urcc0QxoVHcMI0FW4Ok0hg=="],

    "@inquirer/core": ["@inquirer/core@10.1.13", "", { "dependencies": { "@inquirer/figures": "^1.0.12", "@inquirer/type": "^3.0.7", "ansi-escapes": "^4.3.2", "cli-width": "^4.1.0", "mute-stream": "^2.0.0", "signal-exit": "^4.1.0", "wrap-ansi": "^6.2.0", "yoctocolors-cjs": "^2.1.2" }, "peerDependencies": { "@types/node": ">=18" }, "optionalPeers": ["@types/node"] }, "sha512-1viSxebkYN2nJULlzCxES6G9/stgHSepZ9LqqfdIGPHj5OHhiBUXVS0a6R0bEC2A+VL4D9w6QB66ebCr6HGllA=="],

    "@inquirer/editor": ["@inquirer/editor@4.2.13", "", { "dependencies": { "@inquirer/core": "^10.1.13", "@inquirer/type": "^3.0.7", "external-editor": "^3.1.0" }, "peerDependencies": { "@types/node": ">=18" }, "optionalPeers": ["@types/node"] }, "sha512-WbicD9SUQt/K8O5Vyk9iC2ojq5RHoCLK6itpp2fHsWe44VxxcA9z3GTWlvjSTGmMQpZr+lbVmrxdHcumJoLbMA=="],

    "@inquirer/expand": ["@inquirer/expand@4.0.15", "", { "dependencies": { "@inquirer/core": "^10.1.13", "@inquirer/type": "^3.0.7", "yoctocolors-cjs": "^2.1.2" }, "peerDependencies": { "@types/node": ">=18" }, "optionalPeers": ["@types/node"] }, "sha512-4Y+pbr/U9Qcvf+N/goHzPEXiHH8680lM3Dr3Y9h9FFw4gHS+zVpbj8LfbKWIb/jayIB4aSO4pWiBTrBYWkvi5A=="],

    "@inquirer/figures": ["@inquirer/figures@1.0.12", "", {}, "sha512-MJttijd8rMFcKJC8NYmprWr6hD3r9Gd9qUC0XwPNwoEPWSMVJwA2MlXxF+nhZZNMY+HXsWa+o7KY2emWYIn0jQ=="],

    "@inquirer/input": ["@inquirer/input@4.1.12", "", { "dependencies": { "@inquirer/core": "^10.1.13", "@inquirer/type": "^3.0.7" }, "peerDependencies": { "@types/node": ">=18" }, "optionalPeers": ["@types/node"] }, "sha512-xJ6PFZpDjC+tC1P8ImGprgcsrzQRsUh9aH3IZixm1lAZFK49UGHxM3ltFfuInN2kPYNfyoPRh+tU4ftsjPLKqQ=="],

    "@inquirer/number": ["@inquirer/number@3.0.15", "", { "dependencies": { "@inquirer/core": "^10.1.13", "@inquirer/type": "^3.0.7" }, "peerDependencies": { "@types/node": ">=18" }, "optionalPeers": ["@types/node"] }, "sha512-xWg+iYfqdhRiM55MvqiTCleHzszpoigUpN5+t1OMcRkJrUrw7va3AzXaxvS+Ak7Gny0j2mFSTv2JJj8sMtbV2g=="],

    "@inquirer/password": ["@inquirer/password@4.0.15", "", { "dependencies": { "@inquirer/core": "^10.1.13", "@inquirer/type": "^3.0.7", "ansi-escapes": "^4.3.2" }, "peerDependencies": { "@types/node": ">=18" }, "optionalPeers": ["@types/node"] }, "sha512-75CT2p43DGEnfGTaqFpbDC2p2EEMrq0S+IRrf9iJvYreMy5mAWj087+mdKyLHapUEPLjN10mNvABpGbk8Wdraw=="],

    "@inquirer/prompts": ["@inquirer/prompts@7.5.3", "", { "dependencies": { "@inquirer/checkbox": "^4.1.8", "@inquirer/confirm": "^5.1.12", "@inquirer/editor": "^4.2.13", "@inquirer/expand": "^4.0.15", "@inquirer/input": "^4.1.12", "@inquirer/number": "^3.0.15", "@inquirer/password": "^4.0.15", "@inquirer/rawlist": "^4.1.3", "@inquirer/search": "^3.0.15", "@inquirer/select": "^4.2.3" }, "peerDependencies": { "@types/node": ">=18" }, "optionalPeers": ["@types/node"] }, "sha512-8YL0WiV7J86hVAxrh3fE5mDCzcTDe1670unmJRz6ArDgN+DBK1a0+rbnNWp4DUB5rPMwqD5ZP6YHl9KK1mbZRg=="],

    "@inquirer/rawlist": ["@inquirer/rawlist@4.1.3", "", { "dependencies": { "@inquirer/core": "^10.1.13", "@inquirer/type": "^3.0.7", "yoctocolors-cjs": "^2.1.2" }, "peerDependencies": { "@types/node": ">=18" }, "optionalPeers": ["@types/node"] }, "sha512-7XrV//6kwYumNDSsvJIPeAqa8+p7GJh7H5kRuxirct2cgOcSWwwNGoXDRgpNFbY/MG2vQ4ccIWCi8+IXXyFMZA=="],

    "@inquirer/search": ["@inquirer/search@3.0.15", "", { "dependencies": { "@inquirer/core": "^10.1.13", "@inquirer/figures": "^1.0.12", "@inquirer/type": "^3.0.7", "yoctocolors-cjs": "^2.1.2" }, "peerDependencies": { "@types/node": ">=18" }, "optionalPeers": ["@types/node"] }, "sha512-YBMwPxYBrADqyvP4nNItpwkBnGGglAvCLVW8u4pRmmvOsHUtCAUIMbUrLX5B3tFL1/WsLGdQ2HNzkqswMs5Uaw=="],

    "@inquirer/select": ["@inquirer/select@4.2.3", "", { "dependencies": { "@inquirer/core": "^10.1.13", "@inquirer/figures": "^1.0.12", "@inquirer/type": "^3.0.7", "ansi-escapes": "^4.3.2", "yoctocolors-cjs": "^2.1.2" }, "peerDependencies": { "@types/node": ">=18" }, "optionalPeers": ["@types/node"] }, "sha512-OAGhXU0Cvh0PhLz9xTF/kx6g6x+sP+PcyTiLvCrewI99P3BBeexD+VbuwkNDvqGkk3y2h5ZiWLeRP7BFlhkUDg=="],

    "@inquirer/type": ["@inquirer/type@3.0.7", "", { "peerDependencies": { "@types/node": ">=18" }, "optionalPeers": ["@types/node"] }, "sha512-PfunHQcjwnju84L+ycmcMKB/pTPIngjUJvfnRhKY6FKPuYXlM4aQCb/nIdTFR6BEhMjFvngzvng/vBAJMZpLSA=="],

    "@types/bun": ["@types/bun@1.2.15", "", { "dependencies": { "bun-types": "1.2.15" } }, "sha512-U1ljPdBEphF0nw1MIk0hI7kPg7dFdPyM7EenHsp6W5loNHl7zqy6JQf/RKCgnUn2KDzUpkBwHPnEJEjII594bA=="],

    "@types/node": ["@types/node@22.15.29", "", { "dependencies": { "undici-types": "~6.21.0" } }, "sha512-LNdjOkUDlU1RZb8e1kOIUpN1qQUlzGkEtbVNo53vbrwDg5om6oduhm4SiUaPW5ASTXhAiP0jInWG8Qx9fVlOeQ=="],

    "ansi-escapes": ["ansi-escapes@4.3.2", "", { "dependencies": { "type-fest": "^0.21.3" } }, "sha512-gKXj5ALrKWQLsYG9jlTRmR/xKluxHV+Z9QEwNIgCfM1/uwPMCuzVVnh5mwTd+OuBZcwSIMbqssNWRm1lE51QaQ=="],

    "ansi-regex": ["ansi-regex@5.0.1", "", {}, "sha512-quJQXlTSUGL2LH9SUXo8VwsY4soanhgo6LNSm84E1LBcE8s3O0wpdiRzyR9z/ZZJMlMWv37qOOb9pdJlMUEKFQ=="],

    "ansi-styles": ["ansi-styles@4.3.0", "", { "dependencies": { "color-convert": "^2.0.1" } }, "sha512-zbB9rCJAT1rbjiVDb2hqKFHNYLxgtk8NURxZ3IZwD3F6NtxbXZQCnnSi1Lkx+IDohdPlFp222wVALIheZJQSEg=="],

    "bun-types": ["bun-types@1.2.15", "", { "dependencies": { "@types/node": "*" } }, "sha512-NarRIaS+iOaQU1JPfyKhZm4AsUOrwUOqRNHY0XxI8GI8jYxiLXLcdjYMG9UKS+fwWasc1uw1htV9AX24dD+p4w=="],

    "chardet": ["chardet@0.7.0", "", {}, "sha512-mT8iDcrh03qDGRRmoA2hmBJnxpllMR+0/0qlzjqZES6NdiWDcZkCNAk4rPFZ9Q85r27unkiNNg8ZOiwZXBHwcA=="],

    "cli-width": ["cli-width@4.1.0", "", {}, "sha512-ouuZd4/dm2Sw5Gmqy6bGyNNNe1qt9RpmxveLSO7KcgsTnU7RXfsw+/bukWGo1abgBiMAic068rclZsO4IWmmxQ=="],

    "color-convert": ["color-convert@2.0.1", "", { "dependencies": { "color-name": "~1.1.4" } }, "sha512-RRECPsj7iu/xb5oKYcsFHSppFNnsj/52OVTRKb4zP5onXwVF3zVmmToNcOfGC+CRDpfK/U584fMg38ZHCaElKQ=="],

    "color-name": ["color-name@1.1.4", "", {}, "sha512-dOy+3AuW3a2wNbZHIuMZpTcgjGuLU/uBL/ubcZF9OXbDo8ff4O8yVp5Bf0efS8uEoYo5q4Fx7dY9OgQGXgAsQA=="],

    "dotenv": ["dotenv@16.5.0", "", {}, "sha512-m/C+AwOAr9/W1UOIZUo232ejMNnJAJtYQjUbHoNTBNTJSvqzzDh7vnrei3o3r3m9blf6ZoDkvcw0VmozNRFJxg=="],

    "emoji-regex": ["emoji-regex@8.0.0", "", {}, "sha512-MSjYzcWNOA0ewAHpz0MxpYFvwg6yjy1NG3xteoqz644VCo/RPgnr1/GGt+ic3iJTzQ8Eu3TdM14SawnVUmGE6A=="],

    "external-editor": ["external-editor@3.1.0", "", { "dependencies": { "chardet": "^0.7.0", "iconv-lite": "^0.4.24", "tmp": "^0.0.33" } }, "sha512-hMQ4CX1p1izmuLYyZqLMO/qGNw10wSv9QDCPfzXfyFrOaCSSoRfqE1Kf1s5an66J5JZC62NewG+mK49jOCtQew=="],

    "fetch-ponyfill": ["fetch-ponyfill@7.1.0", "", { "dependencies": { "node-fetch": "~2.6.1" } }, "sha512-FhbbL55dj/qdVO3YNK7ZEkshvj3eQ7EuIGV2I6ic/2YiocvyWv+7jg2s4AyS0wdRU75s3tA8ZxI/xPigb0v5Aw=="],

    "iconv-lite": ["iconv-lite@0.4.24", "", { "dependencies": { "safer-buffer": ">= 2.1.2 < 3" } }, "sha512-v3MXnZAcvnywkTUEZomIActle7RXXeedOR31wwl7VlyoXO4Qi9arvSenNQWne1TcRwhCL1HwLI21bEqdpj8/rA=="],

    "is-fullwidth-code-point": ["is-fullwidth-code-point@3.0.0", "", {}, "sha512-zymm5+u+sCsSWyD9qNaejV3DFvhCKclKdizYaJUuHA83RLjb7nSuGnddCHGv0hk+KY7BMAlsWeK4Ueg6EV6XQg=="],

    "lodash.escaperegexp": ["lodash.escaperegexp@4.1.2", "", {}, "sha512-TM9YBvyC84ZxE3rgfefxUWiQKLilstD6k7PTGt6wfbtXF8ixIJLOL3VYyV/z+ZiPLsVxAsKAFVwWlWeb2Y8Yyw=="],

    "lodash.groupby": ["lodash.groupby@4.6.0", "", {}, "sha512-5dcWxm23+VAoz+awKmBaiBvzox8+RqMgFhi7UvX9DHZr2HdxHXM/Wrf8cfKpsW37RNrvtPn6hSwNqurSILbmJw=="],

    "lodash.isfunction": ["lodash.isfunction@3.0.9", "", {}, "sha512-AirXNj15uRIMMPihnkInB4i3NHeb4iBtNg9WRWuK2o31S+ePwwNmDPaTL3o7dTJ+VXNZim7rFs4rxN4YU1oUJw=="],

    "lodash.isnil": ["lodash.isnil@4.0.0", "", {}, "sha512-up2Mzq3545mwVnMhTDMdfoG1OurpA/s5t88JmQX809eH3C8491iu2sfKhTfhQtKY78oPNhiaHJUpT/dUDAAtng=="],

    "lodash.isundefined": ["lodash.isundefined@3.0.1", "", {}, "sha512-MXB1is3s899/cD8jheYYE2V9qTHwKvt+npCwpD+1Sxm3Q3cECXCiYHjeHWXNwr6Q0SOBPrYUDxendrO6goVTEA=="],

    "lodash.uniq": ["lodash.uniq@4.5.0", "", {}, "sha512-xfBaXQd9ryd9dlSDvnvI0lvxfLJlYAZzXomUYzLKtUeOQvOP5piqAWuGtrhWeqaXK9hhoM/iyJc5AV+XfsX3HQ=="],

    "mute-stream": ["mute-stream@2.0.0", "", {}, "sha512-WWdIxpyjEn+FhQJQQv9aQAYlHoNVdzIzUySNV1gHUPDSdZJ3yZn7pAAbQcV7B56Mvu881q9FZV+0Vx2xC44VWA=="],

    "node-fetch": ["node-fetch@2.6.13", "", { "dependencies": { "whatwg-url": "^5.0.0" }, "peerDependencies": { "encoding": "^0.1.0" }, "optionalPeers": ["encoding"] }, "sha512-StxNAxh15zr77QvvkmveSQ8uCQ4+v5FkvNTj0OESmiHu+VRi/gXArXtkWMElOsOUNLtUEvI4yS+rdtOHZTwlQA=="],

    "os-tmpdir": ["os-tmpdir@1.0.2", "", {}, "sha512-D2FR03Vir7FIu45XBY20mTb+/ZSWB00sjU9jdQXt83gDrI4Ztz5Fs7/yy74g2N5SVQY4xY1qDr4rNddwYRVX0g=="],

    "prettier": ["prettier@3.5.3", "", { "bin": { "prettier": "bin/prettier.cjs" } }, "sha512-QQtaxnoDJeAkDvDKWCLiwIXkTgRhwYDEQCghU9Z6q03iyek/rxRh/2lC3HB7P8sWT2xC/y5JDctPLBIGzHKbhw=="],

    "safer-buffer": ["safer-buffer@2.1.2", "", {}, "sha512-YZo3K82SD7Riyi0E1EQPojLz7kpepnSQI9IyPbHHg1XXXevb5dJI7tpyN2ADxGcQbHG7vcyRHk0cbwqcQriUtg=="],

    "signal-exit": ["signal-exit@4.1.0", "", {}, "sha512-bzyZ1e88w9O1iNJbKnOlvYTrWPDl46O1bG0D3XInv+9tkPrxrN8jUUTiFlDkkmKWgn1M6CfIA13SuGqOa9Korw=="],

    "string-width": ["string-width@4.2.3", "", { "dependencies": { "emoji-regex": "^8.0.0", "is-fullwidth-code-point": "^3.0.0", "strip-ansi": "^6.0.1" } }, "sha512-wKyQRQpjJ0sIp62ErSZdGsjMJWsap5oRNihHhu6G7JVO/9jIB6UyevL+tXuOqrng8j/cxKTWyWUwvSTriiZz/g=="],

    "strip-ansi": ["strip-ansi@6.0.1", "", { "dependencies": { "ansi-regex": "^5.0.1" } }, "sha512-Y38VPSHcqkFrCpFnQ9vuSXmquuv5oXOKpGeT6aGrr3o3Gc9AlVa6JBfUSOCnbxGGZF+/0ooI7KrPuUSztUdU5A=="],

    "tmp": ["tmp@0.0.33", "", { "dependencies": { "os-tmpdir": "~1.0.2" } }, "sha512-jRCJlojKnZ3addtTOjdIqoRuPEKBvNXcGYqzO6zWZX8KfKEpnGY5jfggJQ3EjKuu8D4bJRr0y+cYJFmYbImXGw=="],

    "tr46": ["tr46@0.0.3", "", {}, "sha512-N3WMsuqV66lT30CrXNbEjx4GEwlow3v6rr4mCcv6prnfwhS01rkgyFdjPNBYd9br7LpXV1+Emh01fHnq2Gdgrw=="],

    "type-fest": ["type-fest@0.21.3", "", {}, "sha512-t0rzBq87m3fVcduHDUFhKmyyX+9eo6WQjZvf51Ea/M0Q7+T374Jp1aUiyUl0GKxp8M/OETVHSDvmkyPgvX+X2w=="],

    "undici-types": ["undici-types@6.21.0", "", {}, "sha512-iwDZqg0QAGrg9Rav5H4n0M64c3mkR59cJ6wQp+7C4nI0gsmExaedaYLNO44eT4AtBBwjbTiGPMlt2Md0T9H9JQ=="],

    "webidl-conversions": ["webidl-conversions@3.0.1", "", {}, "sha512-2JAn3z8AR6rjK8Sm8orRC0h/bcl/DqL7tRPdGZ4I1CjdF+EaMLmYxBHyXuKL849eucPFhvBoxMsflfOb8kxaeQ=="],

    "whatwg-url": ["whatwg-url@5.0.0", "", { "dependencies": { "tr46": "~0.0.3", "webidl-conversions": "^3.0.0" } }, "sha512-saE57nupxk6v3HY35+jzBwYa0rKSy0XR8JSxZPwgLr7ys0IBzhGviA1/TUGJLmSVqs8pb9AnvICXEuOHLprYTw=="],

    "wrap-ansi": ["wrap-ansi@6.2.0", "", { "dependencies": { "ansi-styles": "^4.0.0", "string-width": "^4.1.0", "strip-ansi": "^6.0.0" } }, "sha512-r6lPcBGxZXlIcymEu7InxDMhdW0KDxpLgoFLcguasxCaJ/SOIZwINatK9KY/tf+ZrlywOKU0UDj3ATXUBfxJXA=="],

    "ynab": ["ynab@2.9.0", "", { "dependencies": { "fetch-ponyfill": "^7.1.0" } }, "sha512-gb8rFdyaOAgN+RWSHyX26tCropButlpfCPdFb7Mfrj+hr5LBKBLivZPz6Ea70pEcsuS/Vdoj1Nc3kEneWAQYZg=="],

    "yoctocolors-cjs": ["yoctocolors-cjs@2.1.2", "", {}, "sha512-cYVsTjKl8b+FrnidjibDWskAv7UKOfcwaVZdp/it9n1s9fU3IkgDbhdIRKCW4JDsAlECJY0ytoVPT3sK6kideA=="],

    "zod": ["zod@3.25.48", "", {}, "sha512-0X1mz8FtgEIvaxGjdIImYpZEaZMrund9pGXm3M6vM7Reba0e2eI71KPjSCGXBfwKDPwPoywf6waUKc3/tFvX2Q=="],
  }
}
